
Microsoft Visual Studio Solution File, Format Version 12.00
# Visual Studio Version 17
VisualStudioVersion = 17.9.34616.47
MinimumVisualStudioVersion = 10.0.40219.1
Project("{FAE04EC0-301F-11D3-BF4B-00C04F79EFBC}") = "ABCRetail_QueueStorageFunction", "ABCRetail_QueueStorageFunction\ABCRetail_QueueStorageFunction.csproj", "{DEB7591F-3862-4DED-8413-88479DE35629}"
EndProject
Global
	GlobalSection(SolutionConfigurationPlatforms) = preSolution
		Debug|Any CPU = Debug|Any CPU
		Release|Any CPU = Release|Any CPU
	EndGlobalSection
	GlobalSection(ProjectConfigurationPlatforms) = postSolution
		{DEB7591F-3862-4DED-8413-88479DE35629}.Debug|Any CPU.ActiveCfg = Debug|Any CPU
		{DEB7591F-3862-4DED-8413-88479DE35629}.Debug|Any CPU.Build.0 = Debug|Any CPU
		{DEB7591F-3862-4DED-8413-88479DE35629}.Release|Any CPU.ActiveCfg = Release|Any CPU
		{DEB7591F-3862-4DED-8413-88479DE35629}.Release|Any CPU.Build.0 = Release|Any CPU
	EndGlobalSection
	GlobalSection(SolutionProperties) = preSolution
		HideSolutionNode = FALSE
	EndGlobalSection
	GlobalSection(ExtensibilityGlobals) = postSolution
		SolutionGuid = {5132378D-3726-4B63-867B-011EC07FDC17}
	EndGlobalSection
EndGlobal
